// !$*UTF8*$!
{
	archiveVersion = 1;
	classes = {
	};
	objectVersion = 50;
	objects = {

/* Begin PBXBuildFile section */
		F2C837DA2215F9D600C252AB /* AppDelegate.swift in Sources */ = {isa = PBXBuildFile; fileRef = F2C837D92215F9D600C252AB /* AppDelegate.swift */; };
		F2C837DC2215F9D600C252AB /* ViewController.swift in Sources */ = {isa = PBXBuildFile; fileRef = F2C837DB2215F9D600C252AB /* ViewController.swift */; };
		F2C837DF2215F9D600C252AB /* Main.storyboard in Resources */ = {isa = PBXBuildFile; fileRef = F2C837DD2215F9D600C252AB /* Main.storyboard */; };
		F2C837E22215F9D600C252AB /* Locity.xcdatamodeld in Sources */ = {isa = PBXBuildFile; fileRef = F2C837E02215F9D600C252AB /* Locity.xcdatamodeld */; };
		F2C837E42215F9D700C252AB /* Assets.xcassets in Resources */ = {isa = PBXBuildFile; fileRef = F2C837E32215F9D700C252AB /* Assets.xcassets */; };
		F2C837E72215F9D700C252AB /* LaunchScreen.storyboard in Resources */ = {isa = PBXBuildFile; fileRef = F2C837E52215F9D700C252AB /* LaunchScreen.storyboard */; };
/* End PBXBuildFile section */

/* Begin PBXFileReference section */
		F2C837D62215F9D600C252AB /* Locity.app */ = {isa = PBXFileReference; explicitFileType = wrapper.application; includeInIndex = 0; path = Locity.app; sourceTree = BUILT_PRODUCTS_DIR; };
		F2C837D92215F9D600C252AB /* AppDelegate.swift */ = {isa = PBXFileReference; lastKnownFileType = sourcecode.swift; path = AppDelegate.swift; sourceTree = "<group>"; };
		F2C837DB2215F9D600C252AB /* ViewController.swift */ = {isa = PBXFileReference; lastKnownFileType = sourcecode.swift; path = ViewController.swift; sourceTree = "<group>"; };
		F2C837DE2215F9D600C252AB /* Base */ = {isa = PBXFileReference; lastKnownFileType = file.storyboard; name = Base; path = Base.lproj/Main.storyboard; sourceTree = "<group>"; };
		F2C837E12215F9D600C252AB /* Locity.xcdatamodel */ = {isa = PBXFileReference; lastKnownFileType = wrapper.xcdatamodel; path = Locity.xcdatamodel; sourceTree = "<group>"; };
		F2C837E32215F9D700C252AB /* Assets.xcassets */ = {isa = PBXFileReference; lastKnownFileType = folder.assetcatalog; path = Assets.xcassets; sourceTree = "<group>"; };
		F2C837E62215F9D700C252AB /* Base */ = {isa = PBXFileReference; lastKnownFileType = file.storyboard; name = Base; path = Base.lproj/LaunchScreen.storyboard; sourceTree = "<group>"; };
		F2C837E82215F9D700C252AB /* Info.plist */ = {isa = PBXFileReference; lastKnownFileType = text.plist.xml; path = Info.plist; sourceTree = "<group>"; };
/* End PBXFileReference section */

/* Begin PBXFrameworksBuildPhase section */
		F2C837D32215F9D600C252AB /* Frameworks */ = {
			isa = PBXFrameworksBuildPhase;
			buildActionMask = 2147483647;
			files = (
			);
			runOnlyForDeploymentPostprocessing = 0;
		};
/* End PBXFrameworksBuildPhase section */

/* Begin PBXGroup section */
		F2C837CD2215F9D600C252AB = {
			isa = PBXGroup;
			children = (
				F2C837D82215F9D600C252AB /* Locity */,
				F2C837D72215F9D600C252AB /* Products */,
			);
			sourceTree = "<group>";
		};
		F2C837D72215F9D600C252AB /* Products */ = {
			isa = PBXGroup;
			children = (
				F2C837D62215F9D600C252AB /* Locity.app */,
			);
			name = Products;
			sourceTree = "<group>";
		};
		F2C837D82215F9D600C252AB /* Locity */ = {
			isa = PBXGroup;
			children = (
				F2C837D92215F9D600C252AB /* AppDelegate.swift */,
				F2C837DB2215F9D600C252AB /* ViewController.swift */,
				F2C837DD2215F9D600C252AB /* Main.storyboard */,
				F2C837E32215F9D700C252AB /* Assets.xcassets */,
				F2C837E52215F9D700C252AB /* LaunchScreen.storyboard */,
				F2C837E82215F9D700C252AB /* Info.plist */,
				F2C837E02215F9D600C252AB /* Locity.xcdatamodeld */,
			);
			path = Locity;
			sourceTree = "<group>";
		};
/* End PBXGroup section */

/* Begin PBXNativeTarget section */
		F2C837D52215F9D600C252AB /* Locity */ = {
			isa = PBXNativeTarget;
			buildConfigurationList = F2C837EB2215F9D700C252AB /* Build configuration list for PBXNativeTarget "Locity" */;
			buildPhases = (
				F2C837D22215F9D600C252AB /* Sources */,
				F2C837D32215F9D600C252AB /* Frameworks */,
				F2C837D42215F9D600C252AB /* Resources */,
			);
			buildRules = (
			);
			dependencies = (
			);
			name = Locity;
			productName = Locity;
			productReference = F2C837D62215F9D600C252AB /* Locity.app */;
			productType = "com.apple.product-type.application";
		};
/* End PBXNativeTarget section */

/* Begin PBXProject section */
		F2C837CE2215F9D600C252AB /* Project object */ = {
			isa = PBXProject;
			attributes = {
				LastSwiftUpdateCheck = 1010;
				LastUpgradeCheck = 1010;
				ORGANIZATIONNAME = "REYNIKOV ANTON";
				TargetAttributes = {
					F2C837D52215F9D600C252AB = {
						CreatedOnToolsVersion = 10.1;
					};
				};
			};
			buildConfigurationList = F2C837D12215F9D600C252AB /* Build configuration list for PBXProject "Locity" */;
			compatibilityVersion = "Xcode 9.3";
			developmentRegion = en;
			hasScannedForEncodings = 0;
			knownRegions = (
				en,
				Base,
			);
			mainGroup = F2C837CD2215F9D600C252AB;
			productRefGroup = F2C837D72215F9D600C252AB /* Products */;
			projectDirPath = "";
			projectRoot = "";
			targets = (
				F2C837D52215F9D600C252AB /* Locity */,
			);
		};
/* End PBXProject section */

/* Begin PBXResourcesBuildPhase section */
		F2C837D42215F9D600C252AB /* Resources */ = {
			isa = PBXResourcesBuildPhase;
			buildActionMask = 2147483647;
			files = (
				F2C837E72215F9D700C252AB /* LaunchScreen.storyboard in Resources */,
				F2C837E42215F9D700C252AB /* Assets.xcassets in Resources */,
				F2C837DF2215F9D600C252AB /* Main.storyboard in Resources */,
			);
			runOnlyForDeploymentPostprocessing = 0;
		};
/* End PBXResourcesBuildPhase section */

/* Begin PBXSourcesBuildPhase section */
		F2C837D22215F9D600C252AB /* Sources */ = {
			isa = PBXSourcesBuildPhase;
			buildActionMask = 2147483647;
			files = (
				F2C837DC2215F9D600C252AB /* ViewController.swift in Sources */,
				F2C837E22215F9D600C252AB /* Locity.xcdatamodeld in Sources */,
				F2C837DA2215F9D600C252AB /* AppDelegate.swift in Sources */,
			);
			runOnlyForDeploymentPostprocessing = 0;
		};
/* End PBXSourcesBuildPhase section */

/* Begin PBXVariantGroup section */
		F2C837DD2215F9D600C252AB /* Main.storyboard */ = {
			isa = PBXVariantGroup;
			children = (
				F2C837DE2215F9D600C252AB /* Base */,
			);
			name = Main.storyboard;
			sourceTree = "<group>";
		};
		F2C837E52215F9D700C252AB /* LaunchScreen.storyboard */ = {
			isa = PBXVariantGroup;
			children = (
				F2C837E62215F9D700C252AB /* Base */,
			);
			name = LaunchScreen.storyboard;
			sourceTree = "<group>";
		};
/* End PBXVariantGroup section */

/* Begin XCBuildConfiguration section */
		F2C837E92215F9D700C252AB /* Debug */ = {
			isa = XCBuildConfiguration;
			buildSettings = {
				ALWAYS_SEARCH_USER_PATHS = NO;
				CLANG_ANALYZER_NONNULL = YES;
				CLANG_ANALYZER_NUMBER_OBJECT_CONVERSION = YES_AGGRESSIVE;
				CLANG_CXX_LANGUAGE_STANDARD = "gnu++14";
				CLANG_CXX_LIBRARY = "libc++";
				CLANG_ENABLE_MODULES = YES;
				CLANG_ENABLE_OBJC_ARC = YES;
				CLANG_ENABLE_OBJC_WEAK = YES;
				CLANG_WARN_BLOCK_CAPTURE_AUTORELEASING = YES;
				CLANG_WARN_BOOL_CONVERSION = YES;
				CLANG_WARN_COMMA = YES;
				CLANG_WARN_CONSTANT_CONVERSION = YES;
				CLANG_WARN_DEPRECATED_OBJC_IMPLEMENTATIONS = YES;
				CLANG_WARN_DIRECT_OBJC_ISA_USAGE = YES_ERROR;
				CLANG_WARN_DOCUMENTATION_COMMENTS = YES;
				CLANG_WARN_EMPTY_BODY = YES;
				CLANG_WARN_ENUM_CONVERSION = YES;
				CLANG_WARN_INFINITE_RECURSION = YES;
				CLANG_WARN_INT_CONVERSION = YES;
				CLANG_WARN_NON_LITERAL_NULL_CONVERSION = YES;
				CLANG_WARN_OBJC_IMPLICIT_RETAIN_SELF = YES;
				CLANG_WARN_OBJC_LITERAL_CONVERSION = YES;
				CLANG_WARN_OBJC_ROOT_CLASS = YES_ERROR;
				CLANG_WARN_RANGE_LOOP_ANALYSIS = YES;
				CLANG_WARN_STRICT_PROTOTYPES = YES;
				CLANG_WARN_SUSPICIOUS_MOVE = YES;
				CLANG_WARN_UNGUARDED_AVAILABILITY = YES_AGGRESSIVE;
				CLANG_WARN_UNREACHABLE_CODE = YES;
				CLANG_WARN__DUPLICATE_METHOD_MATCH = YES;
				CODE_SIGN_IDENTITY = "iPhone Developer";
				COPY_PHASE_STRIP = NO;
				DEBUG_INFORMATION_FORMAT = dwarf;
				ENABLE_STRICT_OBJC_MSGSEND = YES;
				ENABLE_TESTABILITY = YES;
				GCC_C_LANGUAGE_STANDARD = gnu11;
				GCC_DYNAMIC_NO_PIC = NO;
				GCC_NO_COMMON_BLOCKS = YES;
				GCC_OPTIMIZATION_LEVEL = 0;
				GCC_PREPROCESSOR_DEFINITIONS = (
					"DEBUG=1",
					"$(inherited)",
				);
				GCC_WARN_64_TO_32_BIT_CONVERSION = YES;
				GCC_WARN_ABOUT_RETURN_TYPE = YES_ERROR;
				GCC_WARN_UNDECLARED_SELECTOR = YES;
				GCC_WARN_UNINITIALIZED_AUTOS = YES_AGGRESSIVE;
				GCC_WARN_UNUSED_FUNCTION = YES;
				GCC_WARN_UNUSED_VARIABLE = YES;
				IPHONEOS_DEPLOYMENT_TARGET = 12.1;
				MTL_ENABLE_DEBUG_INFO = INCLUDE_SOURCE;
				MTL_FAST_MATH = YES;
				ONLY_ACTIVE_ARCH = YES;
				SDKROOT = iphoneos;
				SWIFT_ACTIVE_COMPILATION_CONDITIONS = DEBUG;
				SWIFT_OPTIMIZATION_LEVEL = "-Onone";
			};
			name = Debug;
		};
		F2C837EA2215F9D700C252AB /* Release */ = {
			isa = XCBuildConfiguration;
			buildSettings = {
				ALWAYS_SEARCH_USER_PATHS = NO;
				CLANG_ANALYZER_NONNULL = YES;
				CLANG_ANALYZER_NUMBER_OBJECT_CONVERSION = YES_AGGRESSIVE;
				CLANG_CXX_LANGUAGE_STANDARD = "gnu++14";
				CLANG_CXX_LIBRARY = "libc++";
				CLANG_ENABLE_MODULES = YES;
				CLANG_ENABLE_OBJC_ARC = YES;
				CLANG_ENABLE_OBJC_WEAK = YES;
				CLANG_WARN_BLOCK_CAPTURE_AUTORELEASING = YES;
				CLANG_WARN_BOOL_CONVERSION = YES;
				CLANG_WARN_COMMA = YES;
				CLANG_WARN_CONSTANT_CONVERSION = YES;
				CLANG_WARN_DEPRECATED_OBJC_IMPLEMENTATIONS = YES;
				CLANG_WARN_DIRECT_OBJC_ISA_USAGE = YES_ERROR;
				CLANG_WARN_DOCUMENTATION_COMMENTS = YES;
				CLANG_WARN_EMPTY_BODY = YES;
				CLANG_WARN_ENUM_CONVERSION = YES;
				CLANG_WARN_INFINITE_RECURSION = YES;
				CLANG_WARN_INT_CONVERSION = YES;
				CLANG_WARN_NON_LITERAL_NULL_CONVERSION = YES;
				CLANG_WARN_OBJC_IMPLICIT_RETAIN_SELF = YES;
				CLANG_WARN_OBJC_LITERAL_CONVERSION = YES;
				CLANG_WARN_OBJC_ROOT_CLASS = YES_ERROR;
				CLANG_WARN_RANGE_LOOP_ANALYSIS = YES;
				CLANG_WARN_STRICT_PROTOTYPES = YES;
				CLANG_WARN_SUSPICIOUS_MOVE = YES;
				CLANG_WARN_UNGUARDED_AVAILABILITY = YES_AGGRESSIVE;
				CLANG_WARN_UNREACHABLE_CODE = YES;
				CLANG_WARN__DUPLICATE_METHOD_MATCH = YES;
				CODE_SIGN_IDENTITY = "iPhone Developer";
				COPY_PHASE_STRIP = NO;
				DEBUG_INFORMATION_FORMAT = "dwarf-with-dsym";
				ENABLE_NS_ASSERTIONS = NO;
				ENABLE_STRICT_OBJC_MSGSEND = YES;
				GCC_C_LANGUAGE_STANDARD = gnu11;
				GCC_NO_COMMON_BLOCKS = YES;
				GCC_WARN_64_TO_32_BIT_CONVERSION = YES;
				GCC_WARN_ABOUT_RETURN_TYPE = YES_ERROR;
				GCC_WARN_UNDECLARED_SELECTOR = YES;
				GCC_WARN_UNINITIALIZED_AUTOS = YES_AGGRESSIVE;
				GCC_WARN_UNUSED_FUNCTION = YES;
				GCC_WARN_UNUSED_VARIABLE = YES;
				IPHONEOS_DEPLOYMENT_TARGET = 12.1;
				MTL_ENABLE_DEBUG_INFO = NO;
				MTL_FAST_MATH = YES;
				SDKROOT = iphoneos;
				SWIFT_COMPILATION_MODE = wholemodule;
				SWIFT_OPTIMIZATION_LEVEL = "-O";
				VALIDATE_PRODUCT = YES;
			};
			name = Release;
		};
		F2C837EC2215F9D700C252AB /* Debug */ = {
			isa = XCBuildConfiguration;
			buildSettings = {
				ASSETCATALOG_COMPILER_APPICON_NAME = AppIcon;
				CODE_SIGN_STYLE = Automatic;
				DEVELOPMENT_TEAM = EB6R5QS764;
				INFOPLIST_FILE = Locity/Info.plist;
				LD_RUNPATH_SEARCH_PATHS = (
					"$(inherited)",
					"@executable_path/Frameworks",
				);
				PRODUCT_BUNDLE_IDENTIFIER = deltaTOxaREY.Locity;
				PRODUCT_NAME = "$(TARGET_NAME)";
				SWIFT_VERSION = 4.2;
				TARGETED_DEVICE_FAMILY = 1;
			};
			name = Debug;
		};
		F2C837ED2215F9D700C252AB /* Release */ = {
			isa = XCBuildConfiguration;
			buildSettings = {
				ASSETCATALOG_COMPILER_APPICON_NAME = AppIcon;
				CODE_SIGN_STYLE = Automatic;
				DEVELOPMENT_TEAM = EB6R5QS764;
				INFOPLIST_FILE = Locity/Info.plist;
				LD_RUNPATH_SEARCH_PATHS = (
					"$(inherited)",
					"@executable_path/Frameworks",
				);
				PRODUCT_BUNDLE_IDENTIFIER = deltaTOxaREY.Locity;
				PRODUCT_NAME = "$(TARGET_NAME)";
				SWIFT_VERSION = 4.2;
				TARGETED_DEVICE_FAMILY = 1;
			};
			name = Release;
		};
/* End XCBuildConfiguration section */

/* Begin XCConfigurationList section */
		F2C837D12215F9D600C252AB /* Build configuration list for PBXProject "Locity" */ = {
			isa = XCConfigurationList;
			buildConfigurations = (
				F2C837E92215F9D700C252AB /* Debug */,
				F2C837EA2215F9D700C252AB /* Release */,
			);
			defaultConfigurationIsVisible = 0;
			defaultConfigurationName = Release;
		};
		F2C837EB2215F9D700C252AB /* Build configuration list for PBXNativeTarget "Locity" */ = {
			isa = XCConfigurationList;
			buildConfigurations = (
				F2C837EC2215F9D700C252AB /* Debug */,
				F2C837ED2215F9D700C252AB /* Release */,
			);
			defaultConfigurationIsVisible = 0;
			defaultConfigurationName = Release;
		};
/* End XCConfigurationList section */

/* Begin XCVersionGroup section */
		F2C837E02215F9D600C252AB /* Locity.xcdatamodeld */ = {
			isa = XCVersionGroup;
			children = (
				F2C837E12215F9D600C252AB /* Locity.xcdatamodel */,
			);
			currentVersion = F2C837E12215F9D600C252AB /* Locity.xcdatamodel */;
			path = Locity.xcdatamodeld;
			sourceTree = "<group>";
			versionGroupType = wrapper.xcdatamodel;
		};
/* End XCVersionGroup section */
	};
	rootObject = F2C837CE2215F9D600C252AB /* Project object */;
}
