// !$*UTF8*$!
{
	archiveVersion = 1;
	classes = {
	};
	objectVersion = 50;
	objects = {

/* Begin PBXBuildFile section */
		F24E8E7422833C120010C98A /* Code New Roman b.otf in Resources */ = {isa = PBXBuildFile; fileRef = F24E8E7322833C120010C98A /* Code New Roman b.otf */; };
		F2B62515227D957900938442 /* AppDelegate.swift in Sources */ = {isa = PBXBuildFile; fileRef = F2B62514227D957900938442 /* AppDelegate.swift */; };
		F2B62517227D957A00938442 /* ViewController.swift in Sources */ = {isa = PBXBuildFile; fileRef = F2B62516227D957A00938442 /* ViewController.swift */; };
		F2B6251A227D957A00938442 /* Main.storyboard in Resources */ = {isa = PBXBuildFile; fileRef = F2B62518227D957A00938442 /* Main.storyboard */; };
		F2B6251D227D957A00938442 /* Table.xcdatamodeld in Sources */ = {isa = PBXBuildFile; fileRef = F2B6251B227D957A00938442 /* Table.xcdatamodeld */; };
		F2B6251F227D957C00938442 /* Assets.xcassets in Resources */ = {isa = PBXBuildFile; fileRef = F2B6251E227D957C00938442 /* Assets.xcassets */; };
		F2B62522227D957C00938442 /* LaunchScreen.storyboard in Resources */ = {isa = PBXBuildFile; fileRef = F2B62520227D957C00938442 /* LaunchScreen.storyboard */; };
/* End PBXBuildFile section */

/* Begin PBXFileReference section */
		F24E8E7322833C120010C98A /* Code New Roman b.otf */ = {isa = PBXFileReference; lastKnownFileType = file; name = "Code New Roman b.otf"; path = "../../../image/исход/Code New Roman b.otf"; sourceTree = "<group>"; };
		F2B62511227D957900938442 /* Table.app */ = {isa = PBXFileReference; explicitFileType = wrapper.application; includeInIndex = 0; path = Table.app; sourceTree = BUILT_PRODUCTS_DIR; };
		F2B62514227D957900938442 /* AppDelegate.swift */ = {isa = PBXFileReference; lastKnownFileType = sourcecode.swift; path = AppDelegate.swift; sourceTree = "<group>"; };
		F2B62516227D957A00938442 /* ViewController.swift */ = {isa = PBXFileReference; lastKnownFileType = sourcecode.swift; path = ViewController.swift; sourceTree = "<group>"; };
		F2B62519227D957A00938442 /* Base */ = {isa = PBXFileReference; lastKnownFileType = file.storyboard; name = Base; path = Base.lproj/Main.storyboard; sourceTree = "<group>"; };
		F2B6251C227D957A00938442 /* Table.xcdatamodel */ = {isa = PBXFileReference; lastKnownFileType = wrapper.xcdatamodel; path = Table.xcdatamodel; sourceTree = "<group>"; };
		F2B6251E227D957C00938442 /* Assets.xcassets */ = {isa = PBXFileReference; lastKnownFileType = folder.assetcatalog; path = Assets.xcassets; sourceTree = "<group>"; };
		F2B62521227D957C00938442 /* Base */ = {isa = PBXFileReference; lastKnownFileType = file.storyboard; name = Base; path = Base.lproj/LaunchScreen.storyboard; sourceTree = "<group>"; };
		F2B62523227D957C00938442 /* Info.plist */ = {isa = PBXFileReference; lastKnownFileType = text.plist.xml; path = Info.plist; sourceTree = "<group>"; };
/* End PBXFileReference section */

/* Begin PBXFrameworksBuildPhase section */
		F2B6250E227D957900938442 /* Frameworks */ = {
			isa = PBXFrameworksBuildPhase;
			buildActionMask = 2147483647;
			files = (
			);
			runOnlyForDeploymentPostprocessing = 0;
		};
/* End PBXFrameworksBuildPhase section */

/* Begin PBXGroup section */
		F2B62508227D957900938442 = {
			isa = PBXGroup;
			children = (
				F2B62513227D957900938442 /* Table */,
				F2B62512227D957900938442 /* Products */,
			);
			sourceTree = "<group>";
		};
		F2B62512227D957900938442 /* Products */ = {
			isa = PBXGroup;
			children = (
				F2B62511227D957900938442 /* Table.app */,
			);
			name = Products;
			sourceTree = "<group>";
		};
		F2B62513227D957900938442 /* Table */ = {
			isa = PBXGroup;
			children = (
				F2B62514227D957900938442 /* AppDelegate.swift */,
				F2B62516227D957A00938442 /* ViewController.swift */,
				F24E8E7322833C120010C98A /* Code New Roman b.otf */,
				F2B62518227D957A00938442 /* Main.storyboard */,
				F2B6251E227D957C00938442 /* Assets.xcassets */,
				F2B62520227D957C00938442 /* LaunchScreen.storyboard */,
				F2B62523227D957C00938442 /* Info.plist */,
				F2B6251B227D957A00938442 /* Table.xcdatamodeld */,
			);
			path = Table;
			sourceTree = "<group>";
		};
/* End PBXGroup section */

/* Begin PBXNativeTarget section */
		F2B62510227D957900938442 /* Table */ = {
			isa = PBXNativeTarget;
			buildConfigurationList = F2B62526227D957C00938442 /* Build configuration list for PBXNativeTarget "Table" */;
			buildPhases = (
				F2B6250D227D957900938442 /* Sources */,
				F2B6250E227D957900938442 /* Frameworks */,
				F2B6250F227D957900938442 /* Resources */,
			);
			buildRules = (
			);
			dependencies = (
			);
			name = Table;
			productName = Table;
			productReference = F2B62511227D957900938442 /* Table.app */;
			productType = "com.apple.product-type.application";
		};
/* End PBXNativeTarget section */

/* Begin PBXProject section */
		F2B62509227D957900938442 /* Project object */ = {
			isa = PBXProject;
			attributes = {
				LastSwiftUpdateCheck = 1020;
				LastUpgradeCheck = 1020;
				ORGANIZATIONNAME = "REYNIKOV ANTON";
				TargetAttributes = {
					F2B62510227D957900938442 = {
						CreatedOnToolsVersion = 10.2.1;
					};
				};
			};
			buildConfigurationList = F2B6250C227D957900938442 /* Build configuration list for PBXProject "Table" */;
			compatibilityVersion = "Xcode 9.3";
			developmentRegion = en;
			hasScannedForEncodings = 0;
			knownRegions = (
				en,
				Base,
			);
			mainGroup = F2B62508227D957900938442;
			productRefGroup = F2B62512227D957900938442 /* Products */;
			projectDirPath = "";
			projectRoot = "";
			targets = (
				F2B62510227D957900938442 /* Table */,
			);
		};
/* End PBXProject section */

/* Begin PBXResourcesBuildPhase section */
		F2B6250F227D957900938442 /* Resources */ = {
			isa = PBXResourcesBuildPhase;
			buildActionMask = 2147483647;
			files = (
				F2B62522227D957C00938442 /* LaunchScreen.storyboard in Resources */,
				F2B6251F227D957C00938442 /* Assets.xcassets in Resources */,
				F2B6251A227D957A00938442 /* Main.storyboard in Resources */,
				F24E8E7422833C120010C98A /* Code New Roman b.otf in Resources */,
			);
			runOnlyForDeploymentPostprocessing = 0;
		};
/* End PBXResourcesBuildPhase section */

/* Begin PBXSourcesBuildPhase section */
		F2B6250D227D957900938442 /* Sources */ = {
			isa = PBXSourcesBuildPhase;
			buildActionMask = 2147483647;
			files = (
				F2B62517227D957A00938442 /* ViewController.swift in Sources */,
				F2B62515227D957900938442 /* AppDelegate.swift in Sources */,
				F2B6251D227D957A00938442 /* Table.xcdatamodeld in Sources */,
			);
			runOnlyForDeploymentPostprocessing = 0;
		};
/* End PBXSourcesBuildPhase section */

/* Begin PBXVariantGroup section */
		F2B62518227D957A00938442 /* Main.storyboard */ = {
			isa = PBXVariantGroup;
			children = (
				F2B62519227D957A00938442 /* Base */,
			);
			name = Main.storyboard;
			sourceTree = "<group>";
		};
		F2B62520227D957C00938442 /* LaunchScreen.storyboard */ = {
			isa = PBXVariantGroup;
			children = (
				F2B62521227D957C00938442 /* Base */,
			);
			name = LaunchScreen.storyboard;
			sourceTree = "<group>";
		};
/* End PBXVariantGroup section */

/* Begin XCBuildConfiguration section */
		F2B62524227D957C00938442 /* Debug */ = {
			isa = XCBuildConfiguration;
			buildSettings = {
				ALWAYS_SEARCH_USER_PATHS = NO;
				CLANG_ANALYZER_NONNULL = YES;
				CLANG_ANALYZER_NUMBER_OBJECT_CONVERSION = YES_AGGRESSIVE;
				CLANG_CXX_LANGUAGE_STANDARD = "gnu++14";
				CLANG_CXX_LIBRARY = "libc++";
				CLANG_ENABLE_MODULES = YES;
				CLANG_ENABLE_OBJC_ARC = YES;
				CLANG_ENABLE_OBJC_WEAK = YES;
				CLANG_WARN_BLOCK_CAPTURE_AUTORELEASING = YES;
				CLANG_WARN_BOOL_CONVERSION = YES;
				CLANG_WARN_COMMA = YES;
				CLANG_WARN_CONSTANT_CONVERSION = YES;
				CLANG_WARN_DEPRECATED_OBJC_IMPLEMENTATIONS = YES;
				CLANG_WARN_DIRECT_OBJC_ISA_USAGE = YES_ERROR;
				CLANG_WARN_DOCUMENTATION_COMMENTS = YES;
				CLANG_WARN_EMPTY_BODY = YES;
				CLANG_WARN_ENUM_CONVERSION = YES;
				CLANG_WARN_INFINITE_RECURSION = YES;
				CLANG_WARN_INT_CONVERSION = YES;
				CLANG_WARN_NON_LITERAL_NULL_CONVERSION = YES;
				CLANG_WARN_OBJC_IMPLICIT_RETAIN_SELF = YES;
				CLANG_WARN_OBJC_LITERAL_CONVERSION = YES;
				CLANG_WARN_OBJC_ROOT_CLASS = YES_ERROR;
				CLANG_WARN_RANGE_LOOP_ANALYSIS = YES;
				CLANG_WARN_STRICT_PROTOTYPES = YES;
				CLANG_WARN_SUSPICIOUS_MOVE = YES;
				CLANG_WARN_UNGUARDED_AVAILABILITY = YES_AGGRESSIVE;
				CLANG_WARN_UNREACHABLE_CODE = YES;
				CLANG_WARN__DUPLICATE_METHOD_MATCH = YES;
				CODE_SIGN_IDENTITY = "iPhone Developer";
				COPY_PHASE_STRIP = NO;
				DEBUG_INFORMATION_FORMAT = dwarf;
				ENABLE_STRICT_OBJC_MSGSEND = YES;
				ENABLE_TESTABILITY = YES;
				GCC_C_LANGUAGE_STANDARD = gnu11;
				GCC_DYNAMIC_NO_PIC = NO;
				GCC_NO_COMMON_BLOCKS = YES;
				GCC_OPTIMIZATION_LEVEL = 0;
				GCC_PREPROCESSOR_DEFINITIONS = (
					"DEBUG=1",
					"$(inherited)",
				);
				GCC_WARN_64_TO_32_BIT_CONVERSION = YES;
				GCC_WARN_ABOUT_RETURN_TYPE = YES_ERROR;
				GCC_WARN_UNDECLARED_SELECTOR = YES;
				GCC_WARN_UNINITIALIZED_AUTOS = YES_AGGRESSIVE;
				GCC_WARN_UNUSED_FUNCTION = YES;
				GCC_WARN_UNUSED_VARIABLE = YES;
				IPHONEOS_DEPLOYMENT_TARGET = 12.2;
				MTL_ENABLE_DEBUG_INFO = INCLUDE_SOURCE;
				MTL_FAST_MATH = YES;
				ONLY_ACTIVE_ARCH = YES;
				SDKROOT = iphoneos;
				SWIFT_ACTIVE_COMPILATION_CONDITIONS = DEBUG;
				SWIFT_OPTIMIZATION_LEVEL = "-Onone";
			};
			name = Debug;
		};
		F2B62525227D957C00938442 /* Release */ = {
			isa = XCBuildConfiguration;
			buildSettings = {
				ALWAYS_SEARCH_USER_PATHS = NO;
				CLANG_ANALYZER_NONNULL = YES;
				CLANG_ANALYZER_NUMBER_OBJECT_CONVERSION = YES_AGGRESSIVE;
				CLANG_CXX_LANGUAGE_STANDARD = "gnu++14";
				CLANG_CXX_LIBRARY = "libc++";
				CLANG_ENABLE_MODULES = YES;
				CLANG_ENABLE_OBJC_ARC = YES;
				CLANG_ENABLE_OBJC_WEAK = YES;
				CLANG_WARN_BLOCK_CAPTURE_AUTORELEASING = YES;
				CLANG_WARN_BOOL_CONVERSION = YES;
				CLANG_WARN_COMMA = YES;
				CLANG_WARN_CONSTANT_CONVERSION = YES;
				CLANG_WARN_DEPRECATED_OBJC_IMPLEMENTATIONS = YES;
				CLANG_WARN_DIRECT_OBJC_ISA_USAGE = YES_ERROR;
				CLANG_WARN_DOCUMENTATION_COMMENTS = YES;
				CLANG_WARN_EMPTY_BODY = YES;
				CLANG_WARN_ENUM_CONVERSION = YES;
				CLANG_WARN_INFINITE_RECURSION = YES;
				CLANG_WARN_INT_CONVERSION = YES;
				CLANG_WARN_NON_LITERAL_NULL_CONVERSION = YES;
				CLANG_WARN_OBJC_IMPLICIT_RETAIN_SELF = YES;
				CLANG_WARN_OBJC_LITERAL_CONVERSION = YES;
				CLANG_WARN_OBJC_ROOT_CLASS = YES_ERROR;
				CLANG_WARN_RANGE_LOOP_ANALYSIS = YES;
				CLANG_WARN_STRICT_PROTOTYPES = YES;
				CLANG_WARN_SUSPICIOUS_MOVE = YES;
				CLANG_WARN_UNGUARDED_AVAILABILITY = YES_AGGRESSIVE;
				CLANG_WARN_UNREACHABLE_CODE = YES;
				CLANG_WARN__DUPLICATE_METHOD_MATCH = YES;
				CODE_SIGN_IDENTITY = "iPhone Developer";
				COPY_PHASE_STRIP = NO;
				DEBUG_INFORMATION_FORMAT = "dwarf-with-dsym";
				ENABLE_NS_ASSERTIONS = NO;
				ENABLE_STRICT_OBJC_MSGSEND = YES;
				GCC_C_LANGUAGE_STANDARD = gnu11;
				GCC_NO_COMMON_BLOCKS = YES;
				GCC_WARN_64_TO_32_BIT_CONVERSION = YES;
				GCC_WARN_ABOUT_RETURN_TYPE = YES_ERROR;
				GCC_WARN_UNDECLARED_SELECTOR = YES;
				GCC_WARN_UNINITIALIZED_AUTOS = YES_AGGRESSIVE;
				GCC_WARN_UNUSED_FUNCTION = YES;
				GCC_WARN_UNUSED_VARIABLE = YES;
				IPHONEOS_DEPLOYMENT_TARGET = 12.2;
				MTL_ENABLE_DEBUG_INFO = NO;
				MTL_FAST_MATH = YES;
				SDKROOT = iphoneos;
				SWIFT_COMPILATION_MODE = wholemodule;
				SWIFT_OPTIMIZATION_LEVEL = "-O";
				VALIDATE_PRODUCT = YES;
			};
			name = Release;
		};
		F2B62527227D957C00938442 /* Debug */ = {
			isa = XCBuildConfiguration;
			buildSettings = {
				ASSETCATALOG_COMPILER_APPICON_NAME = AppIcon;
				CODE_SIGN_STYLE = Automatic;
				DEVELOPMENT_TEAM = EB6R5QS764;
				INFOPLIST_FILE = Table/Info.plist;
				LD_RUNPATH_SEARCH_PATHS = (
					"$(inherited)",
					"@executable_path/Frameworks",
				);
				PRODUCT_BUNDLE_IDENTIFIER = deltaTOxaREY.Table;
				PRODUCT_NAME = "$(TARGET_NAME)";
				SWIFT_VERSION = 5.0;
				TARGETED_DEVICE_FAMILY = 1;
			};
			name = Debug;
		};
		F2B62528227D957C00938442 /* Release */ = {
			isa = XCBuildConfiguration;
			buildSettings = {
				ASSETCATALOG_COMPILER_APPICON_NAME = AppIcon;
				CODE_SIGN_STYLE = Automatic;
				DEVELOPMENT_TEAM = EB6R5QS764;
				INFOPLIST_FILE = Table/Info.plist;
				LD_RUNPATH_SEARCH_PATHS = (
					"$(inherited)",
					"@executable_path/Frameworks",
				);
				PRODUCT_BUNDLE_IDENTIFIER = deltaTOxaREY.Table;
				PRODUCT_NAME = "$(TARGET_NAME)";
				SWIFT_VERSION = 5.0;
				TARGETED_DEVICE_FAMILY = 1;
			};
			name = Release;
		};
/* End XCBuildConfiguration section */

/* Begin XCConfigurationList section */
		F2B6250C227D957900938442 /* Build configuration list for PBXProject "Table" */ = {
			isa = XCConfigurationList;
			buildConfigurations = (
				F2B62524227D957C00938442 /* Debug */,
				F2B62525227D957C00938442 /* Release */,
			);
			defaultConfigurationIsVisible = 0;
			defaultConfigurationName = Release;
		};
		F2B62526227D957C00938442 /* Build configuration list for PBXNativeTarget "Table" */ = {
			isa = XCConfigurationList;
			buildConfigurations = (
				F2B62527227D957C00938442 /* Debug */,
				F2B62528227D957C00938442 /* Release */,
			);
			defaultConfigurationIsVisible = 0;
			defaultConfigurationName = Release;
		};
/* End XCConfigurationList section */

/* Begin XCVersionGroup section */
		F2B6251B227D957A00938442 /* Table.xcdatamodeld */ = {
			isa = XCVersionGroup;
			children = (
				F2B6251C227D957A00938442 /* Table.xcdatamodel */,
			);
			currentVersion = F2B6251C227D957A00938442 /* Table.xcdatamodel */;
			path = Table.xcdatamodeld;
			sourceTree = "<group>";
			versionGroupType = wrapper.xcdatamodel;
		};
/* End XCVersionGroup section */
	};
	rootObject = F2B62509227D957900938442 /* Project object */;
}
